
Microsoft Visual Studio Solution File, Format Version 12.00
# Visual Studio Version 17
VisualStudioVersion = 17.10.35013.160
MinimumVisualStudioVersion = 10.0.40219.1
Project("{9A19103F-16F7-4668-BE54-9A1E7A4F7556}") = "LodashStats", "LodashStats\LodashStats.csproj", "{6527530D-B179-4049-8595-54F1F5213870}"
EndProject
Project("{9A19103F-16F7-4668-BE54-9A1E7A4F7556}") = "LodashStatsRunner", "LodashStatsRunner\LodashStatsRunner.csproj", "{464ABCB2-76BD-45D8-ADC4-23235F6988EE}"
EndProject
Project("{9A19103F-16F7-4668-BE54-9A1E7A4F7556}") = "LodashStatsTests", "LodashStatsTests\LodashStatsTests.csproj", "{644276A6-630D-4293-A7B2-1F04D363577D}"
EndProject
Global
	GlobalSection(SolutionConfigurationPlatforms) = preSolution
		Debug|Any CPU = Debug|Any CPU
		Release|Any CPU = Release|Any CPU
	EndGlobalSection
	GlobalSection(ProjectConfigurationPlatforms) = postSolution
		{6527530D-B179-4049-8595-54F1F5213870}.Debug|Any CPU.ActiveCfg = Debug|Any CPU
		{6527530D-B179-4049-8595-54F1F5213870}.Debug|Any CPU.Build.0 = Debug|Any CPU
		{6527530D-B179-4049-8595-54F1F5213870}.Release|Any CPU.ActiveCfg = Release|Any CPU
		{6527530D-B179-4049-8595-54F1F5213870}.Release|Any CPU.Build.0 = Release|Any CPU
		{464ABCB2-76BD-45D8-ADC4-23235F6988EE}.Debug|Any CPU.ActiveCfg = Debug|Any CPU
		{464ABCB2-76BD-45D8-ADC4-23235F6988EE}.Debug|Any CPU.Build.0 = Debug|Any CPU
		{464ABCB2-76BD-45D8-ADC4-23235F6988EE}.Release|Any CPU.ActiveCfg = Release|Any CPU
		{464ABCB2-76BD-45D8-ADC4-23235F6988EE}.Release|Any CPU.Build.0 = Release|Any CPU
		{644276A6-630D-4293-A7B2-1F04D363577D}.Debug|Any CPU.ActiveCfg = Debug|Any CPU
		{644276A6-630D-4293-A7B2-1F04D363577D}.Debug|Any CPU.Build.0 = Debug|Any CPU
		{644276A6-630D-4293-A7B2-1F04D363577D}.Release|Any CPU.ActiveCfg = Release|Any CPU
		{644276A6-630D-4293-A7B2-1F04D363577D}.Release|Any CPU.Build.0 = Release|Any CPU
	EndGlobalSection
	GlobalSection(SolutionProperties) = preSolution
		HideSolutionNode = FALSE
	EndGlobalSection
	GlobalSection(ExtensibilityGlobals) = postSolution
		SolutionGuid = {EB97C095-98E2-42BD-B0CC-16643ADA5F59}
	EndGlobalSection
EndGlobal
